
Microsoft Visual Studio Solution File, Format Version 12.00
# Visual Studio 15
VisualStudioVersion = 15.0.27130.2036
MinimumVisualStudioVersion = 10.0.40219.1
Project("{FAE04EC0-301F-11D3-BF4B-00C04F79EFBC}") = "NLog.Splunk", "NLog.Splunk\NLog.Splunk.csproj", "{DA79B003-5481-4E3C-AE9C-7838DE7C4FEA}"
EndProject
Project("{FAE04EC0-301F-11D3-BF4B-00C04F79EFBC}") = "Nlog.Splunk.Test", "Nlog.Splunk.Test\Nlog.Splunk.Test.csproj", "{71F4B7DF-518F-40FF-99DD-99D7E9ED9A96}"
EndProject
Global
	GlobalSection(SolutionConfigurationPlatforms) = preSolution
		Debug|Any CPU = Debug|Any CPU
		Release|Any CPU = Release|Any CPU
	EndGlobalSection
	GlobalSection(ProjectConfigurationPlatforms) = postSolution
		{DA79B003-5481-4E3C-AE9C-7838DE7C4FEA}.Debug|Any CPU.ActiveCfg = Debug|Any CPU
		{DA79B003-5481-4E3C-AE9C-7838DE7C4FEA}.Debug|Any CPU.Build.0 = Debug|Any CPU
		{DA79B003-5481-4E3C-AE9C-7838DE7C4FEA}.Release|Any CPU.ActiveCfg = Release|Any CPU
		{DA79B003-5481-4E3C-AE9C-7838DE7C4FEA}.Release|Any CPU.Build.0 = Release|Any CPU
		{71F4B7DF-518F-40FF-99DD-99D7E9ED9A96}.Debug|Any CPU.ActiveCfg = Debug|Any CPU
		{71F4B7DF-518F-40FF-99DD-99D7E9ED9A96}.Debug|Any CPU.Build.0 = Debug|Any CPU
		{71F4B7DF-518F-40FF-99DD-99D7E9ED9A96}.Release|Any CPU.ActiveCfg = Release|Any CPU
		{71F4B7DF-518F-40FF-99DD-99D7E9ED9A96}.Release|Any CPU.Build.0 = Release|Any CPU
	EndGlobalSection
	GlobalSection(SolutionProperties) = preSolution
		HideSolutionNode = FALSE
	EndGlobalSection
	GlobalSection(ExtensibilityGlobals) = postSolution
		SolutionGuid = {6906E243-DC03-4873-A1CB-D56FE193FAC9}
	EndGlobalSection
EndGlobal
